// !$*UTF8*$!
{
	archiveVersion = 1;
	classes = {
	};
	objectVersion = 55;
	objects = {

/* Begin PBXBuildFile section */
		A110592629199E3A007BD9A2 /* EZlearnCoreData.xcdatamodeld in Sources */ = {isa = PBXBuildFile; fileRef = A110592429199E3A007BD9A2 /* EZlearnCoreData.xcdatamodeld */; };
		A12494EC291EA8C400069037 /* WelcomeViewController.swift in Sources */ = {isa = PBXBuildFile; fileRef = A12494EB291EA8C400069037 /* WelcomeViewController.swift */; };
		A12494EE291EAB5A00069037 /* book.json in Resources */ = {isa = PBXBuildFile; fileRef = A12494ED291EAB5A00069037 /* book.json */; };
		A12494F1291EB00900069037 /* Lottie in Frameworks */ = {isa = PBXBuildFile; productRef = A12494F0291EB00900069037 /* Lottie */; };
		A12494F3291EB3A300069037 /* 28893-book-loading.json in Resources */ = {isa = PBXBuildFile; fileRef = A12494F2291EB3A300069037 /* 28893-book-loading.json */; };
		A12494F5291EB44A00069037 /* 87271-atom-cascade-loader.json in Resources */ = {isa = PBXBuildFile; fileRef = A12494F4291EB44A00069037 /* 87271-atom-cascade-loader.json */; };
		A16B0884291EBE7B00C9F19A /* GoogleService-Info.plist in Resources */ = {isa = PBXBuildFile; fileRef = A16B0883291EBE7A00C9F19A /* GoogleService-Info.plist */; };
		A18650A0291ADFEE0090AEA9 /* OpenTaskViewController.swift in Sources */ = {isa = PBXBuildFile; fileRef = A186509F291ADFEE0090AEA9 /* OpenTaskViewController.swift */; };
		A1A0BD7B2916192300E69F4B /* Constants.swift in Sources */ = {isa = PBXBuildFile; fileRef = A1A0BD7A2916192300E69F4B /* Constants.swift */; };
		A1A8AC5C291FD57C0017BD5B /* SettingsViewController.swift in Sources */ = {isa = PBXBuildFile; fileRef = A1A8AC5B291FD57C0017BD5B /* SettingsViewController.swift */; };
		A1A8AC5E291FDA0B0017BD5B /* SettingsTableViewCell.swift in Sources */ = {isa = PBXBuildFile; fileRef = A1A8AC5D291FDA0B0017BD5B /* SettingsTableViewCell.swift */; };
		A1A8AC60291FE75B0017BD5B /* Montserrat-Regular.ttf in Resources */ = {isa = PBXBuildFile; fileRef = A1A8AC5F291FE75A0017BD5B /* Montserrat-Regular.ttf */; };
		A1A8AC62291FE7B90017BD5B /* Montserrat-Medium.ttf in Resources */ = {isa = PBXBuildFile; fileRef = A1A8AC61291FE7B90017BD5B /* Montserrat-Medium.ttf */; };
		A1C83AA62918153C0021EDE8 /* ResourceTableViewCell.swift in Sources */ = {isa = PBXBuildFile; fileRef = A1C83AA52918153C0021EDE8 /* ResourceTableViewCell.swift */; };
		A1D77929291FED5200DD1BE2 /* SourceSansPro-Light.otf in Resources */ = {isa = PBXBuildFile; fileRef = A1A8AC63291FE9770017BD5B /* SourceSansPro-Light.otf */; };
		A1D7792B291FFBAE00DD1BE2 /* ProfileViewController.swift in Sources */ = {isa = PBXBuildFile; fileRef = A1D7792A291FFBAE00DD1BE2 /* ProfileViewController.swift */; };
		A1DA6CD6291C8B6000EF951C /* NSDict.swift in Sources */ = {isa = PBXBuildFile; fileRef = A1DA6CD5291C8B6000EF951C /* NSDict.swift */; };
		A1E022E6290CD30B001A2B12 /* AppDelegate.swift in Sources */ = {isa = PBXBuildFile; fileRef = A1E022E5290CD30B001A2B12 /* AppDelegate.swift */; };
		A1E022E8290CD30B001A2B12 /* SceneDelegate.swift in Sources */ = {isa = PBXBuildFile; fileRef = A1E022E7290CD30B001A2B12 /* SceneDelegate.swift */; };
		A1E022EA290CD30B001A2B12 /* ViewController.swift in Sources */ = {isa = PBXBuildFile; fileRef = A1E022E9290CD30B001A2B12 /* ViewController.swift */; };
		A1E022ED290CD30B001A2B12 /* Main.storyboard in Resources */ = {isa = PBXBuildFile; fileRef = A1E022EB290CD30B001A2B12 /* Main.storyboard */; };
		A1E022EF290CD30E001A2B12 /* Assets.xcassets in Resources */ = {isa = PBXBuildFile; fileRef = A1E022EE290CD30E001A2B12 /* Assets.xcassets */; };
		A1E022F2290CD30E001A2B12 /* LaunchScreen.storyboard in Resources */ = {isa = PBXBuildFile; fileRef = A1E022F0290CD30E001A2B12 /* LaunchScreen.storyboard */; };
		A1E022FD290CD30E001A2B12 /* EZlearnTests.swift in Sources */ = {isa = PBXBuildFile; fileRef = A1E022FC290CD30E001A2B12 /* EZlearnTests.swift */; };
		A1E02307290CD30E001A2B12 /* EZlearnUITests.swift in Sources */ = {isa = PBXBuildFile; fileRef = A1E02306290CD30E001A2B12 /* EZlearnUITests.swift */; };
		A1E02309290CD30E001A2B12 /* EZlearnUITestsLaunchTests.swift in Sources */ = {isa = PBXBuildFile; fileRef = A1E02308290CD30E001A2B12 /* EZlearnUITestsLaunchTests.swift */; };
		A1E02316290DA3EA001A2B12 /* AddTaskViewController.swift in Sources */ = {isa = PBXBuildFile; fileRef = A1E02315290DA3EA001A2B12 /* AddTaskViewController.swift */; };
		A1E02318290DA9E0001A2B12 /* TaskTableViewCell.swift in Sources */ = {isa = PBXBuildFile; fileRef = A1E02317290DA9E0001A2B12 /* TaskTableViewCell.swift */; };
		A1E0231A290DD63B001A2B12 /* UserTask.swift in Sources */ = {isa = PBXBuildFile; fileRef = A1E02319290DD63B001A2B12 /* UserTask.swift */; };
		A1F0651F290F5F1900A66163 /* HomeNavViewController.swift in Sources */ = {isa = PBXBuildFile; fileRef = A1F0651E290F5F1900A66163 /* HomeNavViewController.swift */; };
		E415F6D62920264700C56126 /* client_137751831802-imk5cbs9nfror60a33t7ot8nicl6cdgd.apps.googleusercontent.com.plist in Resources */ = {isa = PBXBuildFile; fileRef = E415F6D52920264700C56126 /* client_137751831802-imk5cbs9nfror60a33t7ot8nicl6cdgd.apps.googleusercontent.com.plist */; };
		E415F6D72920264700C56126 /* client_137751831802-imk5cbs9nfror60a33t7ot8nicl6cdgd.apps.googleusercontent.com.plist in Resources */ = {isa = PBXBuildFile; fileRef = E415F6D52920264700C56126 /* client_137751831802-imk5cbs9nfror60a33t7ot8nicl6cdgd.apps.googleusercontent.com.plist */; };
		E415F6D82920264700C56126 /* client_137751831802-imk5cbs9nfror60a33t7ot8nicl6cdgd.apps.googleusercontent.com.plist in Resources */ = {isa = PBXBuildFile; fileRef = E415F6D52920264700C56126 /* client_137751831802-imk5cbs9nfror60a33t7ot8nicl6cdgd.apps.googleusercontent.com.plist */; };
		F0EF7FAB14C943A73D22E221 /* Pods_EZlearn.framework in Frameworks */ = {isa = PBXBuildFile; fileRef = 506B022C6C98E893054BECEC /* Pods_EZlearn.framework */; };
/* End PBXBuildFile section */

/* Begin PBXContainerItemProxy section */
		A1E022F9290CD30E001A2B12 /* PBXContainerItemProxy */ = {
			isa = PBXContainerItemProxy;
			containerPortal = A1E022DA290CD30B001A2B12 /* Project object */;
			proxyType = 1;
			remoteGlobalIDString = A1E022E1290CD30B001A2B12;
			remoteInfo = EZlearn;
		};
		A1E02303290CD30E001A2B12 /* PBXContainerItemProxy */ = {
			isa = PBXContainerItemProxy;
			containerPortal = A1E022DA290CD30B001A2B12 /* Project object */;
			proxyType = 1;
			remoteGlobalIDString = A1E022E1290CD30B001A2B12;
			remoteInfo = EZlearn;
		};
/* End PBXContainerItemProxy section */

/* Begin PBXFileReference section */
		506B022C6C98E893054BECEC /* Pods_EZlearn.framework */ = {isa = PBXFileReference; explicitFileType = wrapper.framework; includeInIndex = 0; path = Pods_EZlearn.framework; sourceTree = BUILT_PRODUCTS_DIR; };
		9C67D3702A5C97AEDFA5BDFF /* Pods-EZlearn.release.xcconfig */ = {isa = PBXFileReference; includeInIndex = 1; lastKnownFileType = text.xcconfig; name = "Pods-EZlearn.release.xcconfig"; path = "Target Support Files/Pods-EZlearn/Pods-EZlearn.release.xcconfig"; sourceTree = "<group>"; };
		A110592529199E3A007BD9A2 /* EZdata.xcdatamodel */ = {isa = PBXFileReference; lastKnownFileType = wrapper.xcdatamodel; path = EZdata.xcdatamodel; sourceTree = "<group>"; };
		A12494EB291EA8C400069037 /* WelcomeViewController.swift */ = {isa = PBXFileReference; lastKnownFileType = sourcecode.swift; path = WelcomeViewController.swift; sourceTree = "<group>"; };
		A12494ED291EAB5A00069037 /* book.json */ = {isa = PBXFileReference; fileEncoding = 4; lastKnownFileType = text.json; path = book.json; sourceTree = "<group>"; };
		A12494F2291EB3A300069037 /* 28893-book-loading.json */ = {isa = PBXFileReference; fileEncoding = 4; lastKnownFileType = text.json; path = "28893-book-loading.json"; sourceTree = "<group>"; };
		A12494F4291EB44A00069037 /* 87271-atom-cascade-loader.json */ = {isa = PBXFileReference; fileEncoding = 4; lastKnownFileType = text.json; path = "87271-atom-cascade-loader.json"; sourceTree = "<group>"; };
		A16B0883291EBE7A00C9F19A /* GoogleService-Info.plist */ = {isa = PBXFileReference; fileEncoding = 4; lastKnownFileType = text.plist.xml; path = "GoogleService-Info.plist"; sourceTree = "<group>"; };
		A186509F291ADFEE0090AEA9 /* OpenTaskViewController.swift */ = {isa = PBXFileReference; lastKnownFileType = sourcecode.swift; path = OpenTaskViewController.swift; sourceTree = "<group>"; };
		A1A0BD7A2916192300E69F4B /* Constants.swift */ = {isa = PBXFileReference; lastKnownFileType = sourcecode.swift; path = Constants.swift; sourceTree = "<group>"; };
		A1A8AC5B291FD57C0017BD5B /* SettingsViewController.swift */ = {isa = PBXFileReference; lastKnownFileType = sourcecode.swift; path = SettingsViewController.swift; sourceTree = "<group>"; };
		A1A8AC5D291FDA0B0017BD5B /* SettingsTableViewCell.swift */ = {isa = PBXFileReference; lastKnownFileType = sourcecode.swift; path = SettingsTableViewCell.swift; sourceTree = "<group>"; };
		A1A8AC5F291FE75A0017BD5B /* Montserrat-Regular.ttf */ = {isa = PBXFileReference; lastKnownFileType = file; path = "Montserrat-Regular.ttf"; sourceTree = "<group>"; };
		A1A8AC61291FE7B90017BD5B /* Montserrat-Medium.ttf */ = {isa = PBXFileReference; lastKnownFileType = file; path = "Montserrat-Medium.ttf"; sourceTree = "<group>"; };
		A1A8AC63291FE9770017BD5B /* SourceSansPro-Light.otf */ = {isa = PBXFileReference; lastKnownFileType = file; path = "SourceSansPro-Light.otf"; sourceTree = "<group>"; };
		A1C83AA52918153C0021EDE8 /* ResourceTableViewCell.swift */ = {isa = PBXFileReference; lastKnownFileType = sourcecode.swift; path = ResourceTableViewCell.swift; sourceTree = "<group>"; };
		A1D7792A291FFBAE00DD1BE2 /* ProfileViewController.swift */ = {isa = PBXFileReference; lastKnownFileType = sourcecode.swift; path = ProfileViewController.swift; sourceTree = "<group>"; };
		A1DA6CD5291C8B6000EF951C /* NSDict.swift */ = {isa = PBXFileReference; lastKnownFileType = sourcecode.swift; path = NSDict.swift; sourceTree = "<group>"; };
		A1E022E2290CD30B001A2B12 /* EZlearn.app */ = {isa = PBXFileReference; explicitFileType = wrapper.application; includeInIndex = 0; path = EZlearn.app; sourceTree = BUILT_PRODUCTS_DIR; };
		A1E022E5290CD30B001A2B12 /* AppDelegate.swift */ = {isa = PBXFileReference; lastKnownFileType = sourcecode.swift; path = AppDelegate.swift; sourceTree = "<group>"; };
		A1E022E7290CD30B001A2B12 /* SceneDelegate.swift */ = {isa = PBXFileReference; lastKnownFileType = sourcecode.swift; path = SceneDelegate.swift; sourceTree = "<group>"; };
		A1E022E9290CD30B001A2B12 /* ViewController.swift */ = {isa = PBXFileReference; lastKnownFileType = sourcecode.swift; path = ViewController.swift; sourceTree = "<group>"; };
		A1E022EC290CD30B001A2B12 /* Base */ = {isa = PBXFileReference; lastKnownFileType = file.storyboard; name = Base; path = Base.lproj/Main.storyboard; sourceTree = "<group>"; };
		A1E022EE290CD30E001A2B12 /* Assets.xcassets */ = {isa = PBXFileReference; lastKnownFileType = folder.assetcatalog; path = Assets.xcassets; sourceTree = "<group>"; };
		A1E022F1290CD30E001A2B12 /* Base */ = {isa = PBXFileReference; lastKnownFileType = file.storyboard; name = Base; path = Base.lproj/LaunchScreen.storyboard; sourceTree = "<group>"; };
		A1E022F3290CD30E001A2B12 /* Info.plist */ = {isa = PBXFileReference; lastKnownFileType = text.plist.xml; path = Info.plist; sourceTree = "<group>"; };
		A1E022F8290CD30E001A2B12 /* EZlearnTests.xctest */ = {isa = PBXFileReference; explicitFileType = wrapper.cfbundle; includeInIndex = 0; path = EZlearnTests.xctest; sourceTree = BUILT_PRODUCTS_DIR; };
		A1E022FC290CD30E001A2B12 /* EZlearnTests.swift */ = {isa = PBXFileReference; lastKnownFileType = sourcecode.swift; path = EZlearnTests.swift; sourceTree = "<group>"; };
		A1E02302290CD30E001A2B12 /* EZlearnUITests.xctest */ = {isa = PBXFileReference; explicitFileType = wrapper.cfbundle; includeInIndex = 0; path = EZlearnUITests.xctest; sourceTree = BUILT_PRODUCTS_DIR; };
		A1E02306290CD30E001A2B12 /* EZlearnUITests.swift */ = {isa = PBXFileReference; lastKnownFileType = sourcecode.swift; path = EZlearnUITests.swift; sourceTree = "<group>"; };
		A1E02308290CD30E001A2B12 /* EZlearnUITestsLaunchTests.swift */ = {isa = PBXFileReference; lastKnownFileType = sourcecode.swift; path = EZlearnUITestsLaunchTests.swift; sourceTree = "<group>"; };
		A1E02315290DA3EA001A2B12 /* AddTaskViewController.swift */ = {isa = PBXFileReference; lastKnownFileType = sourcecode.swift; path = AddTaskViewController.swift; sourceTree = "<group>"; };
		A1E02317290DA9E0001A2B12 /* TaskTableViewCell.swift */ = {isa = PBXFileReference; lastKnownFileType = sourcecode.swift; path = TaskTableViewCell.swift; sourceTree = "<group>"; };
		A1E02319290DD63B001A2B12 /* UserTask.swift */ = {isa = PBXFileReference; lastKnownFileType = sourcecode.swift; path = UserTask.swift; sourceTree = "<group>"; };
		A1F0651E290F5F1900A66163 /* HomeNavViewController.swift */ = {isa = PBXFileReference; lastKnownFileType = sourcecode.swift; path = HomeNavViewController.swift; sourceTree = "<group>"; };
		A1FCBFFF2916D8A200530724 /* libGoogleAPIClientForREST.a */ = {isa = PBXFileReference; explicitFileType = archive.ar; path = libGoogleAPIClientForREST.a; sourceTree = BUILT_PRODUCTS_DIR; };
		B8E9E7811EAAAC2B4C9BAE2A /* Pods-EZlearn.debug.xcconfig */ = {isa = PBXFileReference; includeInIndex = 1; lastKnownFileType = text.xcconfig; name = "Pods-EZlearn.debug.xcconfig"; path = "Target Support Files/Pods-EZlearn/Pods-EZlearn.debug.xcconfig"; sourceTree = "<group>"; };
		E415F6D52920264700C56126 /* client_137751831802-imk5cbs9nfror60a33t7ot8nicl6cdgd.apps.googleusercontent.com.plist */ = {isa = PBXFileReference; fileEncoding = 4; lastKnownFileType = text.plist.xml; path = "client_137751831802-imk5cbs9nfror60a33t7ot8nicl6cdgd.apps.googleusercontent.com.plist"; sourceTree = "<group>"; };
/* End PBXFileReference section */

/* Begin PBXFrameworksBuildPhase section */
		A1E022DF290CD30B001A2B12 /* Frameworks */ = {
			isa = PBXFrameworksBuildPhase;
			buildActionMask = 2147483647;
			files = (
				F0EF7FAB14C943A73D22E221 /* Pods_EZlearn.framework in Frameworks */,
				A12494F1291EB00900069037 /* Lottie in Frameworks */,
			);
			runOnlyForDeploymentPostprocessing = 0;
		};
		A1E022F5290CD30E001A2B12 /* Frameworks */ = {
			isa = PBXFrameworksBuildPhase;
			buildActionMask = 2147483647;
			files = (
			);
			runOnlyForDeploymentPostprocessing = 0;
		};
		A1E022FF290CD30E001A2B12 /* Frameworks */ = {
			isa = PBXFrameworksBuildPhase;
			buildActionMask = 2147483647;
			files = (
			);
			runOnlyForDeploymentPostprocessing = 0;
		};
/* End PBXFrameworksBuildPhase section */

/* Begin PBXGroup section */
		3229FA3B62DF9F466A8182D3 /* Pods */ = {
			isa = PBXGroup;
			children = (
				B8E9E7811EAAAC2B4C9BAE2A /* Pods-EZlearn.debug.xcconfig */,
				9C67D3702A5C97AEDFA5BDFF /* Pods-EZlearn.release.xcconfig */,
			);
			path = Pods;
			sourceTree = "<group>";
		};
		A1E022D9290CD30B001A2B12 = {
			isa = PBXGroup;
			children = (
				E415F6D52920264700C56126 /* client_137751831802-imk5cbs9nfror60a33t7ot8nicl6cdgd.apps.googleusercontent.com.plist */,
				A1E022E4290CD30B001A2B12 /* EZlearn */,
				A1E022FB290CD30E001A2B12 /* EZlearnTests */,
				A1E02305290CD30E001A2B12 /* EZlearnUITests */,
				A1E022E3290CD30B001A2B12 /* Products */,
				3229FA3B62DF9F466A8182D3 /* Pods */,
				BAA99C85B87035B5C210D7F5 /* Frameworks */,
			);
			sourceTree = "<group>";
		};
		A1E022E3290CD30B001A2B12 /* Products */ = {
			isa = PBXGroup;
			children = (
				A1E022E2290CD30B001A2B12 /* EZlearn.app */,
				A1E022F8290CD30E001A2B12 /* EZlearnTests.xctest */,
				A1E02302290CD30E001A2B12 /* EZlearnUITests.xctest */,
			);
			name = Products;
			sourceTree = "<group>";
		};
		A1E022E4290CD30B001A2B12 /* EZlearn */ = {
			isa = PBXGroup;
			children = (
				A1A8AC61291FE7B90017BD5B /* Montserrat-Medium.ttf */,
				A1A8AC5F291FE75A0017BD5B /* Montserrat-Regular.ttf */,
				A16B0883291EBE7A00C9F19A /* GoogleService-Info.plist */,
				A12494F4291EB44A00069037 /* 87271-atom-cascade-loader.json */,
				A12494F2291EB3A300069037 /* 28893-book-loading.json */,
				A12494ED291EAB5A00069037 /* book.json */,
				A1E022E5290CD30B001A2B12 /* AppDelegate.swift */,
				A1E022E7290CD30B001A2B12 /* SceneDelegate.swift */,
				A1E022E9290CD30B001A2B12 /* ViewController.swift */,
				A1E022EB290CD30B001A2B12 /* Main.storyboard */,
				A1A8AC5D291FDA0B0017BD5B /* SettingsTableViewCell.swift */,
				A1A8AC63291FE9770017BD5B /* SourceSansPro-Light.otf */,
				A186509F291ADFEE0090AEA9 /* OpenTaskViewController.swift */,
				A1E022EE290CD30E001A2B12 /* Assets.xcassets */,
				A1E022F0290CD30E001A2B12 /* LaunchScreen.storyboard */,
				A1E022F3290CD30E001A2B12 /* Info.plist */,
				A1E02315290DA3EA001A2B12 /* AddTaskViewController.swift */,
				A1E02317290DA9E0001A2B12 /* TaskTableViewCell.swift */,
				A1E02319290DD63B001A2B12 /* UserTask.swift */,
				A1F0651E290F5F1900A66163 /* HomeNavViewController.swift */,
				A1A0BD7A2916192300E69F4B /* Constants.swift */,
				A1C83AA52918153C0021EDE8 /* ResourceTableViewCell.swift */,
				A110592429199E3A007BD9A2 /* EZlearnCoreData.xcdatamodeld */,
				A1DA6CD5291C8B6000EF951C /* NSDict.swift */,
				A12494EB291EA8C400069037 /* WelcomeViewController.swift */,
				A1A8AC5B291FD57C0017BD5B /* SettingsViewController.swift */,
				A1D7792A291FFBAE00DD1BE2 /* ProfileViewController.swift */,
			);
			path = EZlearn;
			sourceTree = "<group>";
		};
		A1E022FB290CD30E001A2B12 /* EZlearnTests */ = {
			isa = PBXGroup;
			children = (
				A1E022FC290CD30E001A2B12 /* EZlearnTests.swift */,
			);
			path = EZlearnTests;
			sourceTree = "<group>";
		};
		A1E02305290CD30E001A2B12 /* EZlearnUITests */ = {
			isa = PBXGroup;
			children = (
				A1E02306290CD30E001A2B12 /* EZlearnUITests.swift */,
				A1E02308290CD30E001A2B12 /* EZlearnUITestsLaunchTests.swift */,
			);
			path = EZlearnUITests;
			sourceTree = "<group>";
		};
		BAA99C85B87035B5C210D7F5 /* Frameworks */ = {
			isa = PBXGroup;
			children = (
				A1FCBFFF2916D8A200530724 /* libGoogleAPIClientForREST.a */,
				506B022C6C98E893054BECEC /* Pods_EZlearn.framework */,
			);
			name = Frameworks;
			sourceTree = "<group>";
		};
/* End PBXGroup section */

/* Begin PBXNativeTarget section */
		A1E022E1290CD30B001A2B12 /* EZlearn */ = {
			isa = PBXNativeTarget;
			buildConfigurationList = A1E0230C290CD30E001A2B12 /* Build configuration list for PBXNativeTarget "EZlearn" */;
			buildPhases = (
				C7C32BCC8CCD41016C83806A /* [CP] Check Pods Manifest.lock */,
				A1E022DE290CD30B001A2B12 /* Sources */,
				A1E022DF290CD30B001A2B12 /* Frameworks */,
				A1E022E0290CD30B001A2B12 /* Resources */,
				532C0B9E53EF82F4AC532291 /* [CP] Copy Pods Resources */,
				38EEEC03FDE6E9DD98AACB89 /* [CP] Embed Pods Frameworks */,
			);
			buildRules = (
			);
			dependencies = (
			);
			name = EZlearn;
			packageProductDependencies = (
				A12494F0291EB00900069037 /* Lottie */,
			);
			productName = EZlearn;
			productReference = A1E022E2290CD30B001A2B12 /* EZlearn.app */;
			productType = "com.apple.product-type.application";
		};
		A1E022F7290CD30E001A2B12 /* EZlearnTests */ = {
			isa = PBXNativeTarget;
			buildConfigurationList = A1E0230F290CD30E001A2B12 /* Build configuration list for PBXNativeTarget "EZlearnTests" */;
			buildPhases = (
				A1E022F4290CD30E001A2B12 /* Sources */,
				A1E022F5290CD30E001A2B12 /* Frameworks */,
				A1E022F6290CD30E001A2B12 /* Resources */,
			);
			buildRules = (
			);
			dependencies = (
				A1E022FA290CD30E001A2B12 /* PBXTargetDependency */,
			);
			name = EZlearnTests;
			productName = EZlearnTests;
			productReference = A1E022F8290CD30E001A2B12 /* EZlearnTests.xctest */;
			productType = "com.apple.product-type.bundle.unit-test";
		};
		A1E02301290CD30E001A2B12 /* EZlearnUITests */ = {
			isa = PBXNativeTarget;
			buildConfigurationList = A1E02312290CD30E001A2B12 /* Build configuration list for PBXNativeTarget "EZlearnUITests" */;
			buildPhases = (
				A1E022FE290CD30E001A2B12 /* Sources */,
				A1E022FF290CD30E001A2B12 /* Frameworks */,
				A1E02300290CD30E001A2B12 /* Resources */,
			);
			buildRules = (
			);
			dependencies = (
				A1E02304290CD30E001A2B12 /* PBXTargetDependency */,
			);
			name = EZlearnUITests;
			productName = EZlearnUITests;
			productReference = A1E02302290CD30E001A2B12 /* EZlearnUITests.xctest */;
			productType = "com.apple.product-type.bundle.ui-testing";
		};
/* End PBXNativeTarget section */

/* Begin PBXProject section */
		A1E022DA290CD30B001A2B12 /* Project object */ = {
			isa = PBXProject;
			attributes = {
				BuildIndependentTargetsInParallel = 1;
				LastSwiftUpdateCheck = 1340;
				LastUpgradeCheck = 1340;
				TargetAttributes = {
					A1E022E1290CD30B001A2B12 = {
						CreatedOnToolsVersion = 13.4.1;
					};
					A1E022F7290CD30E001A2B12 = {
						CreatedOnToolsVersion = 13.4.1;
						TestTargetID = A1E022E1290CD30B001A2B12;
					};
					A1E02301290CD30E001A2B12 = {
						CreatedOnToolsVersion = 13.4.1;
						TestTargetID = A1E022E1290CD30B001A2B12;
					};
				};
			};
			buildConfigurationList = A1E022DD290CD30B001A2B12 /* Build configuration list for PBXProject "EZlearn" */;
			compatibilityVersion = "Xcode 13.0";
			developmentRegion = en;
			hasScannedForEncodings = 0;
			knownRegions = (
				en,
				Base,
			);
			mainGroup = A1E022D9290CD30B001A2B12;
			packageReferences = (
				A12494EF291EB00900069037 /* XCRemoteSwiftPackageReference "lottie-ios" */,
			);
			productRefGroup = A1E022E3290CD30B001A2B12 /* Products */;
			projectDirPath = "";
			projectRoot = "";
			targets = (
				A1E022E1290CD30B001A2B12 /* EZlearn */,
				A1E022F7290CD30E001A2B12 /* EZlearnTests */,
				A1E02301290CD30E001A2B12 /* EZlearnUITests */,
			);
		};
/* End PBXProject section */

/* Begin PBXResourcesBuildPhase section */
		A1E022E0290CD30B001A2B12 /* Resources */ = {
			isa = PBXResourcesBuildPhase;
			buildActionMask = 2147483647;
			files = (
				A1D77929291FED5200DD1BE2 /* SourceSansPro-Light.otf in Resources */,
				A1A8AC60291FE75B0017BD5B /* Montserrat-Regular.ttf in Resources */,
				A12494EE291EAB5A00069037 /* book.json in Resources */,
				A16B0884291EBE7B00C9F19A /* GoogleService-Info.plist in Resources */,
				A1E022F2290CD30E001A2B12 /* LaunchScreen.storyboard in Resources */,
				A1E022EF290CD30E001A2B12 /* Assets.xcassets in Resources */,
				A1E022ED290CD30B001A2B12 /* Main.storyboard in Resources */,
				E415F6D62920264700C56126 /* client_137751831802-imk5cbs9nfror60a33t7ot8nicl6cdgd.apps.googleusercontent.com.plist in Resources */,
				A1A8AC62291FE7B90017BD5B /* Montserrat-Medium.ttf in Resources */,
				A12494F3291EB3A300069037 /* 28893-book-loading.json in Resources */,
				A12494F5291EB44A00069037 /* 87271-atom-cascade-loader.json in Resources */,
			);
			runOnlyForDeploymentPostprocessing = 0;
		};
		A1E022F6290CD30E001A2B12 /* Resources */ = {
			isa = PBXResourcesBuildPhase;
			buildActionMask = 2147483647;
			files = (
				E415F6D72920264700C56126 /* client_137751831802-imk5cbs9nfror60a33t7ot8nicl6cdgd.apps.googleusercontent.com.plist in Resources */,
			);
			runOnlyForDeploymentPostprocessing = 0;
		};
		A1E02300290CD30E001A2B12 /* Resources */ = {
			isa = PBXResourcesBuildPhase;
			buildActionMask = 2147483647;
			files = (
				E415F6D82920264700C56126 /* client_137751831802-imk5cbs9nfror60a33t7ot8nicl6cdgd.apps.googleusercontent.com.plist in Resources */,
			);
			runOnlyForDeploymentPostprocessing = 0;
		};
/* End PBXResourcesBuildPhase section */

/* Begin PBXShellScriptBuildPhase section */
		38EEEC03FDE6E9DD98AACB89 /* [CP] Embed Pods Frameworks */ = {
			isa = PBXShellScriptBuildPhase;
			buildActionMask = 2147483647;
			files = (
			);
			inputFileListPaths = (
				"${PODS_ROOT}/Target Support Files/Pods-EZlearn/Pods-EZlearn-frameworks-${CONFIGURATION}-input-files.xcfilelist",
			);
			name = "[CP] Embed Pods Frameworks";
			outputFileListPaths = (
				"${PODS_ROOT}/Target Support Files/Pods-EZlearn/Pods-EZlearn-frameworks-${CONFIGURATION}-output-files.xcfilelist",
			);
			runOnlyForDeploymentPostprocessing = 0;
			shellPath = /bin/sh;
			shellScript = "\"${PODS_ROOT}/Target Support Files/Pods-EZlearn/Pods-EZlearn-frameworks.sh\"\n";
			showEnvVarsInLog = 0;
		};
		532C0B9E53EF82F4AC532291 /* [CP] Copy Pods Resources */ = {
			isa = PBXShellScriptBuildPhase;
			buildActionMask = 2147483647;
			files = (
			);
			inputFileListPaths = (
				"${PODS_ROOT}/Target Support Files/Pods-EZlearn/Pods-EZlearn-resources-${CONFIGURATION}-input-files.xcfilelist",
			);
			name = "[CP] Copy Pods Resources";
			outputFileListPaths = (
				"${PODS_ROOT}/Target Support Files/Pods-EZlearn/Pods-EZlearn-resources-${CONFIGURATION}-output-files.xcfilelist",
			);
			runOnlyForDeploymentPostprocessing = 0;
			shellPath = /bin/sh;
			shellScript = "\"${PODS_ROOT}/Target Support Files/Pods-EZlearn/Pods-EZlearn-resources.sh\"\n";
			showEnvVarsInLog = 0;
		};
		C7C32BCC8CCD41016C83806A /* [CP] Check Pods Manifest.lock */ = {
			isa = PBXShellScriptBuildPhase;
			buildActionMask = 2147483647;
			files = (
			);
			inputFileListPaths = (
			);
			inputPaths = (
				"${PODS_PODFILE_DIR_PATH}/Podfile.lock",
				"${PODS_ROOT}/Manifest.lock",
			);
			name = "[CP] Check Pods Manifest.lock";
			outputFileListPaths = (
			);
			outputPaths = (
				"$(DERIVED_FILE_DIR)/Pods-EZlearn-checkManifestLockResult.txt",
			);
			runOnlyForDeploymentPostprocessing = 0;
			shellPath = /bin/sh;
			shellScript = "diff \"${PODS_PODFILE_DIR_PATH}/Podfile.lock\" \"${PODS_ROOT}/Manifest.lock\" > /dev/null\nif [ $? != 0 ] ; then\n    # print error to STDERR\n    echo \"error: The sandbox is not in sync with the Podfile.lock. Run 'pod install' or update your CocoaPods installation.\" >&2\n    exit 1\nfi\n# This output is used by Xcode 'outputs' to avoid re-running this script phase.\necho \"SUCCESS\" > \"${SCRIPT_OUTPUT_FILE_0}\"\n";
			showEnvVarsInLog = 0;
		};
/* End PBXShellScriptBuildPhase section */

/* Begin PBXSourcesBuildPhase section */
		A1E022DE290CD30B001A2B12 /* Sources */ = {
			isa = PBXSourcesBuildPhase;
			buildActionMask = 2147483647;
			files = (
				A1DA6CD6291C8B6000EF951C /* NSDict.swift in Sources */,
				A1C83AA62918153C0021EDE8 /* ResourceTableViewCell.swift in Sources */,
				A1E022EA290CD30B001A2B12 /* ViewController.swift in Sources */,
				A1E02316290DA3EA001A2B12 /* AddTaskViewController.swift in Sources */,
				A1E02318290DA9E0001A2B12 /* TaskTableViewCell.swift in Sources */,
				A1E022E6290CD30B001A2B12 /* AppDelegate.swift in Sources */,
				A1D7792B291FFBAE00DD1BE2 /* ProfileViewController.swift in Sources */,
				A12494EC291EA8C400069037 /* WelcomeViewController.swift in Sources */,
				A1E0231A290DD63B001A2B12 /* UserTask.swift in Sources */,
				A1A8AC5E291FDA0B0017BD5B /* SettingsTableViewCell.swift in Sources */,
				A1E022E8290CD30B001A2B12 /* SceneDelegate.swift in Sources */,
				A1A8AC5C291FD57C0017BD5B /* SettingsViewController.swift in Sources */,
				A1F0651F290F5F1900A66163 /* HomeNavViewController.swift in Sources */,
				A18650A0291ADFEE0090AEA9 /* OpenTaskViewController.swift in Sources */,
				A110592629199E3A007BD9A2 /* EZlearnCoreData.xcdatamodeld in Sources */,
				A1A0BD7B2916192300E69F4B /* Constants.swift in Sources */,
			);
			runOnlyForDeploymentPostprocessing = 0;
		};
		A1E022F4290CD30E001A2B12 /* Sources */ = {
			isa = PBXSourcesBuildPhase;
			buildActionMask = 2147483647;
			files = (
				A1E022FD290CD30E001A2B12 /* EZlearnTests.swift in Sources */,
			);
			runOnlyForDeploymentPostprocessing = 0;
		};
		A1E022FE290CD30E001A2B12 /* Sources */ = {
			isa = PBXSourcesBuildPhase;
			buildActionMask = 2147483647;
			files = (
				A1E02309290CD30E001A2B12 /* EZlearnUITestsLaunchTests.swift in Sources */,
				A1E02307290CD30E001A2B12 /* EZlearnUITests.swift in Sources */,
			);
			runOnlyForDeploymentPostprocessing = 0;
		};
/* End PBXSourcesBuildPhase section */

/* Begin PBXTargetDependency section */
		A1E022FA290CD30E001A2B12 /* PBXTargetDependency */ = {
			isa = PBXTargetDependency;
			target = A1E022E1290CD30B001A2B12 /* EZlearn */;
			targetProxy = A1E022F9290CD30E001A2B12 /* PBXContainerItemProxy */;
		};
		A1E02304290CD30E001A2B12 /* PBXTargetDependency */ = {
			isa = PBXTargetDependency;
			target = A1E022E1290CD30B001A2B12 /* EZlearn */;
			targetProxy = A1E02303290CD30E001A2B12 /* PBXContainerItemProxy */;
		};
/* End PBXTargetDependency section */

/* Begin PBXVariantGroup section */
		A1E022EB290CD30B001A2B12 /* Main.storyboard */ = {
			isa = PBXVariantGroup;
			children = (
				A1E022EC290CD30B001A2B12 /* Base */,
			);
			name = Main.storyboard;
			sourceTree = "<group>";
		};
		A1E022F0290CD30E001A2B12 /* LaunchScreen.storyboard */ = {
			isa = PBXVariantGroup;
			children = (
				A1E022F1290CD30E001A2B12 /* Base */,
			);
			name = LaunchScreen.storyboard;
			sourceTree = "<group>";
		};
/* End PBXVariantGroup section */

/* Begin XCBuildConfiguration section */
		A1E0230A290CD30E001A2B12 /* Debug */ = {
			isa = XCBuildConfiguration;
			buildSettings = {
				ALWAYS_SEARCH_USER_PATHS = NO;
				CLANG_ANALYZER_NONNULL = YES;
				CLANG_ANALYZER_NUMBER_OBJECT_CONVERSION = YES_AGGRESSIVE;
				CLANG_CXX_LANGUAGE_STANDARD = "gnu++17";
				CLANG_ENABLE_MODULES = YES;
				CLANG_ENABLE_OBJC_ARC = YES;
				CLANG_ENABLE_OBJC_WEAK = YES;
				CLANG_WARN_BLOCK_CAPTURE_AUTORELEASING = YES;
				CLANG_WARN_BOOL_CONVERSION = YES;
				CLANG_WARN_COMMA = YES;
				CLANG_WARN_CONSTANT_CONVERSION = YES;
				CLANG_WARN_DEPRECATED_OBJC_IMPLEMENTATIONS = YES;
				CLANG_WARN_DIRECT_OBJC_ISA_USAGE = YES_ERROR;
				CLANG_WARN_DOCUMENTATION_COMMENTS = YES;
				CLANG_WARN_EMPTY_BODY = YES;
				CLANG_WARN_ENUM_CONVERSION = YES;
				CLANG_WARN_INFINITE_RECURSION = YES;
				CLANG_WARN_INT_CONVERSION = YES;
				CLANG_WARN_NON_LITERAL_NULL_CONVERSION = YES;
				CLANG_WARN_OBJC_IMPLICIT_RETAIN_SELF = YES;
				CLANG_WARN_OBJC_LITERAL_CONVERSION = YES;
				CLANG_WARN_OBJC_ROOT_CLASS = YES_ERROR;
				CLANG_WARN_QUOTED_INCLUDE_IN_FRAMEWORK_HEADER = YES;
				CLANG_WARN_RANGE_LOOP_ANALYSIS = YES;
				CLANG_WARN_STRICT_PROTOTYPES = YES;
				CLANG_WARN_SUSPICIOUS_MOVE = YES;
				CLANG_WARN_UNGUARDED_AVAILABILITY = YES_AGGRESSIVE;
				CLANG_WARN_UNREACHABLE_CODE = YES;
				CLANG_WARN__DUPLICATE_METHOD_MATCH = YES;
				COPY_PHASE_STRIP = NO;
				DEBUG_INFORMATION_FORMAT = dwarf;
				ENABLE_STRICT_OBJC_MSGSEND = YES;
				ENABLE_TESTABILITY = YES;
				FRAMEWORK_SEARCH_PATHS = "";
				GCC_C_LANGUAGE_STANDARD = gnu11;
				GCC_DYNAMIC_NO_PIC = NO;
				GCC_NO_COMMON_BLOCKS = YES;
				GCC_OPTIMIZATION_LEVEL = 0;
				GCC_PREPROCESSOR_DEFINITIONS = (
					"DEBUG=1",
					"$(inherited)",
				);
				GCC_WARN_64_TO_32_BIT_CONVERSION = YES;
				GCC_WARN_ABOUT_RETURN_TYPE = YES_ERROR;
				GCC_WARN_UNDECLARED_SELECTOR = YES;
				GCC_WARN_UNINITIALIZED_AUTOS = YES_AGGRESSIVE;
				GCC_WARN_UNUSED_FUNCTION = YES;
				GCC_WARN_UNUSED_VARIABLE = YES;
				IPHONEOS_DEPLOYMENT_TARGET = 15.5;
				MTL_ENABLE_DEBUG_INFO = INCLUDE_SOURCE;
				MTL_FAST_MATH = YES;
				ONLY_ACTIVE_ARCH = YES;
				SDKROOT = iphoneos;
				SWIFT_ACTIVE_COMPILATION_CONDITIONS = DEBUG;
				SWIFT_OPTIMIZATION_LEVEL = "-Onone";
			};
			name = Debug;
		};
		A1E0230B290CD30E001A2B12 /* Release */ = {
			isa = XCBuildConfiguration;
			buildSettings = {
				ALWAYS_SEARCH_USER_PATHS = NO;
				CLANG_ANALYZER_NONNULL = YES;
				CLANG_ANALYZER_NUMBER_OBJECT_CONVERSION = YES_AGGRESSIVE;
				CLANG_CXX_LANGUAGE_STANDARD = "gnu++17";
				CLANG_ENABLE_MODULES = YES;
				CLANG_ENABLE_OBJC_ARC = YES;
				CLANG_ENABLE_OBJC_WEAK = YES;
				CLANG_WARN_BLOCK_CAPTURE_AUTORELEASING = YES;
				CLANG_WARN_BOOL_CONVERSION = YES;
				CLANG_WARN_COMMA = YES;
				CLANG_WARN_CONSTANT_CONVERSION = YES;
				CLANG_WARN_DEPRECATED_OBJC_IMPLEMENTATIONS = YES;
				CLANG_WARN_DIRECT_OBJC_ISA_USAGE = YES_ERROR;
				CLANG_WARN_DOCUMENTATION_COMMENTS = YES;
				CLANG_WARN_EMPTY_BODY = YES;
				CLANG_WARN_ENUM_CONVERSION = YES;
				CLANG_WARN_INFINITE_RECURSION = YES;
				CLANG_WARN_INT_CONVERSION = YES;
				CLANG_WARN_NON_LITERAL_NULL_CONVERSION = YES;
				CLANG_WARN_OBJC_IMPLICIT_RETAIN_SELF = YES;
				CLANG_WARN_OBJC_LITERAL_CONVERSION = YES;
				CLANG_WARN_OBJC_ROOT_CLASS = YES_ERROR;
				CLANG_WARN_QUOTED_INCLUDE_IN_FRAMEWORK_HEADER = YES;
				CLANG_WARN_RANGE_LOOP_ANALYSIS = YES;
				CLANG_WARN_STRICT_PROTOTYPES = YES;
				CLANG_WARN_SUSPICIOUS_MOVE = YES;
				CLANG_WARN_UNGUARDED_AVAILABILITY = YES_AGGRESSIVE;
				CLANG_WARN_UNREACHABLE_CODE = YES;
				CLANG_WARN__DUPLICATE_METHOD_MATCH = YES;
				COPY_PHASE_STRIP = NO;
				DEBUG_INFORMATION_FORMAT = "dwarf-with-dsym";
				ENABLE_NS_ASSERTIONS = NO;
				ENABLE_STRICT_OBJC_MSGSEND = YES;
				GCC_C_LANGUAGE_STANDARD = gnu11;
				GCC_NO_COMMON_BLOCKS = YES;
				GCC_WARN_64_TO_32_BIT_CONVERSION = YES;
				GCC_WARN_ABOUT_RETURN_TYPE = YES_ERROR;
				GCC_WARN_UNDECLARED_SELECTOR = YES;
				GCC_WARN_UNINITIALIZED_AUTOS = YES_AGGRESSIVE;
				GCC_WARN_UNUSED_FUNCTION = YES;
				GCC_WARN_UNUSED_VARIABLE = YES;
				IPHONEOS_DEPLOYMENT_TARGET = 15.5;
				MTL_ENABLE_DEBUG_INFO = NO;
				MTL_FAST_MATH = YES;
				SDKROOT = iphoneos;
				SWIFT_COMPILATION_MODE = wholemodule;
				SWIFT_OPTIMIZATION_LEVEL = "-O";
				VALIDATE_PRODUCT = YES;
			};
			name = Release;
		};
		A1E0230D290CD30E001A2B12 /* Debug */ = {
			isa = XCBuildConfiguration;
			baseConfigurationReference = B8E9E7811EAAAC2B4C9BAE2A /* Pods-EZlearn.debug.xcconfig */;
			buildSettings = {
				ASSETCATALOG_COMPILER_APPICON_NAME = AppIcon;
				ASSETCATALOG_COMPILER_GLOBAL_ACCENT_COLOR_NAME = AccentColor;
				CODE_SIGN_STYLE = Automatic;
				CURRENT_PROJECT_VERSION = 1;
				DEVELOPMENT_TEAM = UBQY3492JQ;
				GENERATE_INFOPLIST_FILE = YES;
				INFOPLIST_FILE = EZlearn/Info.plist;
				INFOPLIST_KEY_UIApplicationSupportsIndirectInputEvents = YES;
				INFOPLIST_KEY_UILaunchStoryboardName = LaunchScreen;
				INFOPLIST_KEY_UIMainStoryboardFile = Main;
				INFOPLIST_KEY_UISupportedInterfaceOrientations_iPad = "UIInterfaceOrientationPortrait UIInterfaceOrientationPortraitUpsideDown UIInterfaceOrientationLandscapeLeft UIInterfaceOrientationLandscapeRight";
				INFOPLIST_KEY_UISupportedInterfaceOrientations_iPhone = "UIInterfaceOrientationPortrait UIInterfaceOrientationLandscapeLeft UIInterfaceOrientationLandscapeRight";
				LD_RUNPATH_SEARCH_PATHS = (
					"$(inherited)",
					"@executable_path/Frameworks",
				);
				MARKETING_VERSION = 1.0;
				PRODUCT_BUNDLE_IDENTIFIER = com.Sharonda.EZlearn;
				PRODUCT_NAME = "$(TARGET_NAME)";
				SWIFT_EMIT_LOC_STRINGS = YES;
				SWIFT_VERSION = 5.0;
				TARGETED_DEVICE_FAMILY = "1,2";
			};
			name = Debug;
		};
		A1E0230E290CD30E001A2B12 /* Release */ = {
			isa = XCBuildConfiguration;
			baseConfigurationReference = 9C67D3702A5C97AEDFA5BDFF /* Pods-EZlearn.release.xcconfig */;
			buildSettings = {
				ASSETCATALOG_COMPILER_APPICON_NAME = AppIcon;
				ASSETCATALOG_COMPILER_GLOBAL_ACCENT_COLOR_NAME = AccentColor;
				CODE_SIGN_STYLE = Automatic;
				CURRENT_PROJECT_VERSION = 1;
				DEVELOPMENT_TEAM = UBQY3492JQ;
				GENERATE_INFOPLIST_FILE = YES;
				INFOPLIST_FILE = EZlearn/Info.plist;
				INFOPLIST_KEY_UIApplicationSupportsIndirectInputEvents = YES;
				INFOPLIST_KEY_UILaunchStoryboardName = LaunchScreen;
				INFOPLIST_KEY_UIMainStoryboardFile = Main;
				INFOPLIST_KEY_UISupportedInterfaceOrientations_iPad = "UIInterfaceOrientationPortrait UIInterfaceOrientationPortraitUpsideDown UIInterfaceOrientationLandscapeLeft UIInterfaceOrientationLandscapeRight";
				INFOPLIST_KEY_UISupportedInterfaceOrientations_iPhone = "UIInterfaceOrientationPortrait UIInterfaceOrientationLandscapeLeft UIInterfaceOrientationLandscapeRight";
				LD_RUNPATH_SEARCH_PATHS = (
					"$(inherited)",
					"@executable_path/Frameworks",
				);
				MARKETING_VERSION = 1.0;
				PRODUCT_BUNDLE_IDENTIFIER = com.Sharonda.EZlearn;
				PRODUCT_NAME = "$(TARGET_NAME)";
				SWIFT_EMIT_LOC_STRINGS = YES;
				SWIFT_VERSION = 5.0;
				TARGETED_DEVICE_FAMILY = "1,2";
			};
			name = Release;
		};
		A1E02310290CD30E001A2B12 /* Debug */ = {
			isa = XCBuildConfiguration;
			buildSettings = {
				ALWAYS_EMBED_SWIFT_STANDARD_LIBRARIES = YES;
				BUNDLE_LOADER = "$(TEST_HOST)";
				CODE_SIGN_STYLE = Automatic;
				CURRENT_PROJECT_VERSION = 1;
				DEVELOPMENT_TEAM = UBQY3492JQ;
				GENERATE_INFOPLIST_FILE = YES;
				IPHONEOS_DEPLOYMENT_TARGET = 15.5;
				MARKETING_VERSION = 1.0;
				PRODUCT_BUNDLE_IDENTIFIER = com.Sharonda.EZlearnTests;
				PRODUCT_NAME = "$(TARGET_NAME)";
				SWIFT_EMIT_LOC_STRINGS = NO;
				SWIFT_VERSION = 5.0;
				TARGETED_DEVICE_FAMILY = "1,2";
				TEST_HOST = "$(BUILT_PRODUCTS_DIR)/EZlearn.app/EZlearn";
			};
			name = Debug;
		};
		A1E02311290CD30E001A2B12 /* Release */ = {
			isa = XCBuildConfiguration;
			buildSettings = {
				ALWAYS_EMBED_SWIFT_STANDARD_LIBRARIES = YES;
				BUNDLE_LOADER = "$(TEST_HOST)";
				CODE_SIGN_STYLE = Automatic;
				CURRENT_PROJECT_VERSION = 1;
				DEVELOPMENT_TEAM = UBQY3492JQ;
				GENERATE_INFOPLIST_FILE = YES;
				IPHONEOS_DEPLOYMENT_TARGET = 15.5;
				MARKETING_VERSION = 1.0;
				PRODUCT_BUNDLE_IDENTIFIER = com.Sharonda.EZlearnTests;
				PRODUCT_NAME = "$(TARGET_NAME)";
				SWIFT_EMIT_LOC_STRINGS = NO;
				SWIFT_VERSION = 5.0;
				TARGETED_DEVICE_FAMILY = "1,2";
				TEST_HOST = "$(BUILT_PRODUCTS_DIR)/EZlearn.app/EZlearn";
			};
			name = Release;
		};
		A1E02313290CD30E001A2B12 /* Debug */ = {
			isa = XCBuildConfiguration;
			buildSettings = {
				ALWAYS_EMBED_SWIFT_STANDARD_LIBRARIES = YES;
				CODE_SIGN_STYLE = Automatic;
				CURRENT_PROJECT_VERSION = 1;
				DEVELOPMENT_TEAM = UBQY3492JQ;
				GENERATE_INFOPLIST_FILE = YES;
				MARKETING_VERSION = 1.0;
				PRODUCT_BUNDLE_IDENTIFIER = com.Sharonda.EZlearnUITests;
				PRODUCT_NAME = "$(TARGET_NAME)";
				SWIFT_EMIT_LOC_STRINGS = NO;
				SWIFT_VERSION = 5.0;
				TARGETED_DEVICE_FAMILY = "1,2";
				TEST_TARGET_NAME = EZlearn;
			};
			name = Debug;
		};
		A1E02314290CD30E001A2B12 /* Release */ = {
			isa = XCBuildConfiguration;
			buildSettings = {
				ALWAYS_EMBED_SWIFT_STANDARD_LIBRARIES = YES;
				CODE_SIGN_STYLE = Automatic;
				CURRENT_PROJECT_VERSION = 1;
				DEVELOPMENT_TEAM = UBQY3492JQ;
				GENERATE_INFOPLIST_FILE = YES;
				MARKETING_VERSION = 1.0;
				PRODUCT_BUNDLE_IDENTIFIER = com.Sharonda.EZlearnUITests;
				PRODUCT_NAME = "$(TARGET_NAME)";
				SWIFT_EMIT_LOC_STRINGS = NO;
				SWIFT_VERSION = 5.0;
				TARGETED_DEVICE_FAMILY = "1,2";
				TEST_TARGET_NAME = EZlearn;
			};
			name = Release;
		};
/* End XCBuildConfiguration section */

/* Begin XCConfigurationList section */
		A1E022DD290CD30B001A2B12 /* Build configuration list for PBXProject "EZlearn" */ = {
			isa = XCConfigurationList;
			buildConfigurations = (
				A1E0230A290CD30E001A2B12 /* Debug */,
				A1E0230B290CD30E001A2B12 /* Release */,
			);
			defaultConfigurationIsVisible = 0;
			defaultConfigurationName = Release;
		};
		A1E0230C290CD30E001A2B12 /* Build configuration list for PBXNativeTarget "EZlearn" */ = {
			isa = XCConfigurationList;
			buildConfigurations = (
				A1E0230D290CD30E001A2B12 /* Debug */,
				A1E0230E290CD30E001A2B12 /* Release */,
			);
			defaultConfigurationIsVisible = 0;
			defaultConfigurationName = Release;
		};
		A1E0230F290CD30E001A2B12 /* Build configuration list for PBXNativeTarget "EZlearnTests" */ = {
			isa = XCConfigurationList;
			buildConfigurations = (
				A1E02310290CD30E001A2B12 /* Debug */,
				A1E02311290CD30E001A2B12 /* Release */,
			);
			defaultConfigurationIsVisible = 0;
			defaultConfigurationName = Release;
		};
		A1E02312290CD30E001A2B12 /* Build configuration list for PBXNativeTarget "EZlearnUITests" */ = {
			isa = XCConfigurationList;
			buildConfigurations = (
				A1E02313290CD30E001A2B12 /* Debug */,
				A1E02314290CD30E001A2B12 /* Release */,
			);
			defaultConfigurationIsVisible = 0;
			defaultConfigurationName = Release;
		};
/* End XCConfigurationList section */

/* Begin XCRemoteSwiftPackageReference section */
		A12494EF291EB00900069037 /* XCRemoteSwiftPackageReference "lottie-ios" */ = {
			isa = XCRemoteSwiftPackageReference;
			repositoryURL = "https://github.com/airbnb/lottie-ios.git";
			requirement = {
				kind = upToNextMajorVersion;
				minimumVersion = 3.0.0;
			};
		};
/* End XCRemoteSwiftPackageReference section */

/* Begin XCSwiftPackageProductDependency section */
		A12494F0291EB00900069037 /* Lottie */ = {
			isa = XCSwiftPackageProductDependency;
			package = A12494EF291EB00900069037 /* XCRemoteSwiftPackageReference "lottie-ios" */;
			productName = Lottie;
		};
/* End XCSwiftPackageProductDependency section */

/* Begin XCVersionGroup section */
		A110592429199E3A007BD9A2 /* EZlearnCoreData.xcdatamodeld */ = {
			isa = XCVersionGroup;
			children = (
				A110592529199E3A007BD9A2 /* EZdata.xcdatamodel */,
			);
			currentVersion = A110592529199E3A007BD9A2 /* EZdata.xcdatamodel */;
			path = EZlearnCoreData.xcdatamodeld;
			sourceTree = "<group>";
			versionGroupType = wrapper.xcdatamodel;
		};
/* End XCVersionGroup section */
	};
	rootObject = A1E022DA290CD30B001A2B12 /* Project object */;
}
